
Microsoft Visual Studio Solution File, Format Version 12.00
# Visual Studio 14
VisualStudioVersion = 14.0.24720.0
MinimumVisualStudioVersion = 10.0.40219.1
Project("{2150E333-8FDC-42A3-9474-1A3956D46DE8}") = "Solution Items", "Solution Items", "{E1DA0E69-1915-4688-A85D-BDAD11196CD1}"
	ProjectSection(SolutionItems) = preProject
		ChatServerDesign_OmProjekterne.ppt = ChatServerDesign_OmProjekterne.ppt
	EndProjectSection
EndProject
Project("{FAE04EC0-301F-11D3-BF4B-00C04F79EFBC}") = "ChatServerDesign_00", "ChatServerDesign_00\ChatServerDesign_00.csproj", "{6A1375B9-3456-4055-9951-E09BF9AA3768}"
EndProject
Project("{FAE04EC0-301F-11D3-BF4B-00C04F79EFBC}") = "ChatServerDesign_00_NoTryCatch", "ChatServerDesign_00_NoTryCatch\ChatServerDesign_00_NoTryCatch.csproj", "{8341EF82-F96B-48C2-890A-B320CC293BDA}"
EndProject
Project("{FAE04EC0-301F-11D3-BF4B-00C04F79EFBC}") = "ChatServerDesign_01_1", "ChatServerDesign_01_1\ChatServerDesign_01_1.csproj", "{6BE86993-D9AD-4D4C-8B12-A5256C2A3E35}"
EndProject
Project("{FAE04EC0-301F-11D3-BF4B-00C04F79EFBC}") = "ChatServerDesign_01_2", "ChatServerDesign_01_2\ChatServerDesign_01_2.csproj", "{A1503C86-8C21-432E-84E1-618C02A5CFA0}"
EndProject
Project("{FAE04EC0-301F-11D3-BF4B-00C04F79EFBC}") = "ChatServerDesign_02_NoLock", "ChatServerDesign_02_NoLock\ChatServerDesign_02_NoLock.csproj", "{1BD2C0FE-9B42-4908-9B39-DDF215DD6D4D}"
EndProject
Project("{FAE04EC0-301F-11D3-BF4B-00C04F79EFBC}") = "ChatServerDesign_03_NoLock", "ChatServerDesign_03_NoLock\ChatServerDesign_03_NoLock.csproj", "{F59962F6-E1E0-4D10-987F-A8E4AA4D794A}"
EndProject
Project("{FAE04EC0-301F-11D3-BF4B-00C04F79EFBC}") = "ChatServerDesign_04_NoLock", "ChatServerDesign_04_NoLock\ChatServerDesign_04_NoLock.csproj", "{38C914F1-1C53-4720-BCC2-2A9CBD80A416}"
EndProject
Project("{FAE04EC0-301F-11D3-BF4B-00C04F79EFBC}") = "ChatServerDesign_05_NoLock", "ChatServerDesign_05_NoLock\ChatServerDesign_05_NoLock.csproj", "{B905B495-78FB-4CDB-9081-10200424C229}"
EndProject
Global
	GlobalSection(SolutionConfigurationPlatforms) = preSolution
		Debug|Any CPU = Debug|Any CPU
		Release|Any CPU = Release|Any CPU
	EndGlobalSection
	GlobalSection(ProjectConfigurationPlatforms) = postSolution
		{6A1375B9-3456-4055-9951-E09BF9AA3768}.Debug|Any CPU.ActiveCfg = Debug|Any CPU
		{6A1375B9-3456-4055-9951-E09BF9AA3768}.Debug|Any CPU.Build.0 = Debug|Any CPU
		{6A1375B9-3456-4055-9951-E09BF9AA3768}.Release|Any CPU.ActiveCfg = Release|Any CPU
		{6A1375B9-3456-4055-9951-E09BF9AA3768}.Release|Any CPU.Build.0 = Release|Any CPU
		{8341EF82-F96B-48C2-890A-B320CC293BDA}.Debug|Any CPU.ActiveCfg = Debug|Any CPU
		{8341EF82-F96B-48C2-890A-B320CC293BDA}.Debug|Any CPU.Build.0 = Debug|Any CPU
		{8341EF82-F96B-48C2-890A-B320CC293BDA}.Release|Any CPU.ActiveCfg = Release|Any CPU
		{8341EF82-F96B-48C2-890A-B320CC293BDA}.Release|Any CPU.Build.0 = Release|Any CPU
		{6BE86993-D9AD-4D4C-8B12-A5256C2A3E35}.Debug|Any CPU.ActiveCfg = Debug|Any CPU
		{6BE86993-D9AD-4D4C-8B12-A5256C2A3E35}.Debug|Any CPU.Build.0 = Debug|Any CPU
		{6BE86993-D9AD-4D4C-8B12-A5256C2A3E35}.Release|Any CPU.ActiveCfg = Release|Any CPU
		{6BE86993-D9AD-4D4C-8B12-A5256C2A3E35}.Release|Any CPU.Build.0 = Release|Any CPU
		{A1503C86-8C21-432E-84E1-618C02A5CFA0}.Debug|Any CPU.ActiveCfg = Debug|Any CPU
		{A1503C86-8C21-432E-84E1-618C02A5CFA0}.Debug|Any CPU.Build.0 = Debug|Any CPU
		{A1503C86-8C21-432E-84E1-618C02A5CFA0}.Release|Any CPU.ActiveCfg = Release|Any CPU
		{A1503C86-8C21-432E-84E1-618C02A5CFA0}.Release|Any CPU.Build.0 = Release|Any CPU
		{1BD2C0FE-9B42-4908-9B39-DDF215DD6D4D}.Debug|Any CPU.ActiveCfg = Debug|Any CPU
		{1BD2C0FE-9B42-4908-9B39-DDF215DD6D4D}.Debug|Any CPU.Build.0 = Debug|Any CPU
		{1BD2C0FE-9B42-4908-9B39-DDF215DD6D4D}.Release|Any CPU.ActiveCfg = Release|Any CPU
		{1BD2C0FE-9B42-4908-9B39-DDF215DD6D4D}.Release|Any CPU.Build.0 = Release|Any CPU
		{F59962F6-E1E0-4D10-987F-A8E4AA4D794A}.Debug|Any CPU.ActiveCfg = Debug|Any CPU
		{F59962F6-E1E0-4D10-987F-A8E4AA4D794A}.Debug|Any CPU.Build.0 = Debug|Any CPU
		{F59962F6-E1E0-4D10-987F-A8E4AA4D794A}.Release|Any CPU.ActiveCfg = Release|Any CPU
		{F59962F6-E1E0-4D10-987F-A8E4AA4D794A}.Release|Any CPU.Build.0 = Release|Any CPU
		{38C914F1-1C53-4720-BCC2-2A9CBD80A416}.Debug|Any CPU.ActiveCfg = Debug|Any CPU
		{38C914F1-1C53-4720-BCC2-2A9CBD80A416}.Debug|Any CPU.Build.0 = Debug|Any CPU
		{38C914F1-1C53-4720-BCC2-2A9CBD80A416}.Release|Any CPU.ActiveCfg = Release|Any CPU
		{38C914F1-1C53-4720-BCC2-2A9CBD80A416}.Release|Any CPU.Build.0 = Release|Any CPU
		{B905B495-78FB-4CDB-9081-10200424C229}.Debug|Any CPU.ActiveCfg = Debug|Any CPU
		{B905B495-78FB-4CDB-9081-10200424C229}.Debug|Any CPU.Build.0 = Debug|Any CPU
		{B905B495-78FB-4CDB-9081-10200424C229}.Release|Any CPU.ActiveCfg = Release|Any CPU
		{B905B495-78FB-4CDB-9081-10200424C229}.Release|Any CPU.Build.0 = Release|Any CPU
	EndGlobalSection
	GlobalSection(SolutionProperties) = preSolution
		HideSolutionNode = FALSE
	EndGlobalSection
EndGlobal
